{
  "version": 4,
  "terraform_version": "1.3.7",
  "serial": 1,
  "lineage": "b9a286dd-7b22-f978-3ca2-1bff046757ed",
  "outputs": {},
  "resources": [
    {
      "module": "module.contextcloud",
      "mode": "managed",
      "type": "aws_organizations_organization",
      "name": "this",
      "provider": "provider[\"registry.terraform.io/hashicorp/aws\"]",
      "instances": [
        {
          "schema_version": 0,
          "attributes": {
            "accounts": [
              {
                "arn": "arn:aws:organizations::481471033259:account/o-eyk96f6n5q/481471033259",
                "email": "chris@context.gg",
                "id": "481471033259",
                "name": "ContextCloud",
                "status": "ACTIVE"
              }
            ],
            "arn": "arn:aws:organizations::481471033259:organization/o-eyk96f6n5q",
            "aws_service_access_principals": [
              "cloudtrail.amazonaws.com",
              "config.amazonaws.com",
              "sso.amazonaws.com"
            ],
            "enabled_policy_types": null,
            "feature_set": "ALL",
            "id": "o-eyk96f6n5q",
            "master_account_arn": "arn:aws:organizations::481471033259:account/o-eyk96f6n5q/481471033259",
            "master_account_email": "chris@context.gg",
            "master_account_id": "481471033259",
            "non_master_accounts": [],
            "roots": [
              {
                "arn": "arn:aws:organizations::481471033259:root/o-eyk96f6n5q/r-puch",
                "id": "r-puch",
                "name": "Root",
                "policy_types": []
              }
            ]
          },
          "sensitive_attributes": [],
          "private": "bnVsbA=="
        }
      ]
    }
  ],
  "check_results": null
}
